
Microsoft Visual Studio Solution File, Format Version 12.00
# Visual Studio Version 17
VisualStudioVersion = 17.8.34330.188
MinimumVisualStudioVersion = 10.0.40219.1
Project("{FAE04EC0-301F-11D3-BF4B-00C04F79EFBC}") = "JobSearchSystem", "JobSearchSystem\JobSearchSystem.csproj", "{AC998FBC-8413-4A02-ACCC-E1AE4E0F4415}"
EndProject
Global
	GlobalSection(SolutionConfigurationPlatforms) = preSolution
		Debug|Any CPU = Debug|Any CPU
		Release|Any CPU = Release|Any CPU
	EndGlobalSection
	GlobalSection(ProjectConfigurationPlatforms) = postSolution
		{AC998FBC-8413-4A02-ACCC-E1AE4E0F4415}.Debug|Any CPU.ActiveCfg = Debug|Any CPU
		{AC998FBC-8413-4A02-ACCC-E1AE4E0F4415}.Debug|Any CPU.Build.0 = Debug|Any CPU
		{AC998FBC-8413-4A02-ACCC-E1AE4E0F4415}.Release|Any CPU.ActiveCfg = Release|Any CPU
		{AC998FBC-8413-4A02-ACCC-E1AE4E0F4415}.Release|Any CPU.Build.0 = Release|Any CPU
	EndGlobalSection
	GlobalSection(SolutionProperties) = preSolution
		HideSolutionNode = FALSE
	EndGlobalSection
	GlobalSection(ExtensibilityGlobals) = postSolution
		SolutionGuid = {13F4AB6A-31C2-4FB7-8F7F-BA5D9E99C1A7}
	EndGlobalSection
EndGlobal
